
Microsoft Visual Studio Solution File, Format Version 12.00
# Visual Studio Version 16
VisualStudioVersion = 25.0.1706.14
MinimumVisualStudioVersion = 10.0.40219.1
Project("{FAE04EC0-301F-11D3-BF4B-00C04F79EFBC}") = "Tbites_Restaurant", "Tbites_Restaurant\Tbites_Restaurant.csproj", "{868C161C-C100-469F-AFA3-22FED56BAA0E}"
EndProject
Global
	GlobalSection(SolutionConfigurationPlatforms) = preSolution
		Debug|Any CPU = Debug|Any CPU
		Release|Any CPU = Release|Any CPU
	EndGlobalSection
	GlobalSection(ProjectConfigurationPlatforms) = postSolution
		{868C161C-C100-469F-AFA3-22FED56BAA0E}.Debug|Any CPU.ActiveCfg = Debug|Any CPU
		{868C161C-C100-469F-AFA3-22FED56BAA0E}.Debug|Any CPU.Build.0 = Debug|Any CPU
		{868C161C-C100-469F-AFA3-22FED56BAA0E}.Release|Any CPU.ActiveCfg = Release|Any CPU
		{868C161C-C100-469F-AFA3-22FED56BAA0E}.Release|Any CPU.Build.0 = Release|Any CPU
	EndGlobalSection
	GlobalSection(SolutionProperties) = preSolution
		HideSolutionNode = FALSE
	EndGlobalSection
	GlobalSection(ExtensibilityGlobals) = postSolution
		SolutionGuid = {F1D54F7A-8221-40AE-875D-7DFD65461FD8}
	EndGlobalSection
EndGlobal
